
Microsoft Visual Studio Solution File, Format Version 12.00
# Visual Studio 14
VisualStudioVersion = 14.0.23107.0
MinimumVisualStudioVersion = 10.0.40219.1
Project("{FAE04EC0-301F-11D3-BF4B-00C04F79EFBC}") = "DotAdam.Service", "DotAdam.Service.csproj", "{BC93D843-4258-4E4D-872C-6326CFF94805}"
EndProject
Project("{FAE04EC0-301F-11D3-BF4B-00C04F79EFBC}") = "DotAdam.Service.Tests", "..\DotAdam.Service.Tests\DotAdam.Service.Tests.csproj", "{E84710C3-C093-435D-80D1-6015C423EB89}"
EndProject
Project("{2150E333-8FDC-42A3-9474-1A3956D46DE8}") = "Solution Items", "Solution Items", "{E53772DC-A3EE-4BC2-ACB8-1E0F1318DDE7}"
	ProjectSection(SolutionItems) = preProject
		nuget_cmd.txt = nuget_cmd.txt
		..\README.md = ..\README.md
	EndProjectSection
EndProject
Global
	GlobalSection(SolutionConfigurationPlatforms) = preSolution
		Debug|Any CPU = Debug|Any CPU
		Release|Any CPU = Release|Any CPU
	EndGlobalSection
	GlobalSection(ProjectConfigurationPlatforms) = postSolution
		{BC93D843-4258-4E4D-872C-6326CFF94805}.Debug|Any CPU.ActiveCfg = Debug|Any CPU
		{BC93D843-4258-4E4D-872C-6326CFF94805}.Debug|Any CPU.Build.0 = Debug|Any CPU
		{BC93D843-4258-4E4D-872C-6326CFF94805}.Release|Any CPU.ActiveCfg = Release|Any CPU
		{BC93D843-4258-4E4D-872C-6326CFF94805}.Release|Any CPU.Build.0 = Release|Any CPU
		{E84710C3-C093-435D-80D1-6015C423EB89}.Debug|Any CPU.ActiveCfg = Debug|Any CPU
		{E84710C3-C093-435D-80D1-6015C423EB89}.Debug|Any CPU.Build.0 = Debug|Any CPU
		{E84710C3-C093-435D-80D1-6015C423EB89}.Release|Any CPU.ActiveCfg = Release|Any CPU
		{E84710C3-C093-435D-80D1-6015C423EB89}.Release|Any CPU.Build.0 = Release|Any CPU
	EndGlobalSection
	GlobalSection(SolutionProperties) = preSolution
		HideSolutionNode = FALSE
	EndGlobalSection
EndGlobal
